
Microsoft Visual Studio Solution File, Format Version 12.00
# Visual Studio Version 17
VisualStudioVersion = 17.7.34202.233
MinimumVisualStudioVersion = 10.0.40219.1
Project("{FAE04EC0-301F-11D3-BF4B-00C04F79EFBC}") = "SignalRApi", "SignalRApi\SignalRApi.csproj", "{0D123CC3-7321-4BCB-90D1-B71C37590613}"
EndProject
Project("{FAE04EC0-301F-11D3-BF4B-00C04F79EFBC}") = "SignalRWebUI", "SignalRWebUI\SignalRWebUI.csproj", "{7D2CF9F5-2F1D-4832-833C-39C39C773803}"
EndProject
Global
	GlobalSection(SolutionConfigurationPlatforms) = preSolution
		Debug|Any CPU = Debug|Any CPU
		Release|Any CPU = Release|Any CPU
	EndGlobalSection
	GlobalSection(ProjectConfigurationPlatforms) = postSolution
		{0D123CC3-7321-4BCB-90D1-B71C37590613}.Debug|Any CPU.ActiveCfg = Debug|Any CPU
		{0D123CC3-7321-4BCB-90D1-B71C37590613}.Debug|Any CPU.Build.0 = Debug|Any CPU
		{0D123CC3-7321-4BCB-90D1-B71C37590613}.Release|Any CPU.ActiveCfg = Release|Any CPU
		{0D123CC3-7321-4BCB-90D1-B71C37590613}.Release|Any CPU.Build.0 = Release|Any CPU
		{7D2CF9F5-2F1D-4832-833C-39C39C773803}.Debug|Any CPU.ActiveCfg = Debug|Any CPU
		{7D2CF9F5-2F1D-4832-833C-39C39C773803}.Debug|Any CPU.Build.0 = Debug|Any CPU
		{7D2CF9F5-2F1D-4832-833C-39C39C773803}.Release|Any CPU.ActiveCfg = Release|Any CPU
		{7D2CF9F5-2F1D-4832-833C-39C39C773803}.Release|Any CPU.Build.0 = Release|Any CPU
	EndGlobalSection
	GlobalSection(SolutionProperties) = preSolution
		HideSolutionNode = FALSE
	EndGlobalSection
	GlobalSection(ExtensibilityGlobals) = postSolution
		SolutionGuid = {5F6B279B-E185-41CD-A621-D2D79BBF50DB}
	EndGlobalSection
EndGlobal
